// !$*UTF8*$!
{
	archiveVersion = 1;
	classes = {
	};
	objectVersion = 46;
	objects = {

/* Begin PBXBuildFile section */
		2472630D1C7A4E0C00F2C452 /* AppDelegate.swift in Sources */ = {isa = PBXBuildFile; fileRef = 2472630C1C7A4E0C00F2C452 /* AppDelegate.swift */; };
		2472630F1C7A4E0C00F2C452 /* ViewController.swift in Sources */ = {isa = PBXBuildFile; fileRef = 2472630E1C7A4E0C00F2C452 /* ViewController.swift */; };
		247263121C7A4E0C00F2C452 /* Main.storyboard in Resources */ = {isa = PBXBuildFile; fileRef = 247263101C7A4E0C00F2C452 /* Main.storyboard */; };
		247263151C7A4E0C00F2C452 /* Psychologist.xcdatamodeld in Sources */ = {isa = PBXBuildFile; fileRef = 247263131C7A4E0C00F2C452 /* Psychologist.xcdatamodeld */; };
		247263171C7A4E0C00F2C452 /* Assets.xcassets in Resources */ = {isa = PBXBuildFile; fileRef = 247263161C7A4E0C00F2C452 /* Assets.xcassets */; };
		2472631A1C7A4E0C00F2C452 /* LaunchScreen.storyboard in Resources */ = {isa = PBXBuildFile; fileRef = 247263181C7A4E0C00F2C452 /* LaunchScreen.storyboard */; };
/* End PBXBuildFile section */

/* Begin PBXFileReference section */
		247263091C7A4E0C00F2C452 /* Psychologist.app */ = {isa = PBXFileReference; explicitFileType = wrapper.application; includeInIndex = 0; path = Psychologist.app; sourceTree = BUILT_PRODUCTS_DIR; };
		2472630C1C7A4E0C00F2C452 /* AppDelegate.swift */ = {isa = PBXFileReference; lastKnownFileType = sourcecode.swift; path = AppDelegate.swift; sourceTree = "<group>"; };
		2472630E1C7A4E0C00F2C452 /* ViewController.swift */ = {isa = PBXFileReference; lastKnownFileType = sourcecode.swift; path = ViewController.swift; sourceTree = "<group>"; };
		247263111C7A4E0C00F2C452 /* Base */ = {isa = PBXFileReference; lastKnownFileType = file.storyboard; name = Base; path = Base.lproj/Main.storyboard; sourceTree = "<group>"; };
		247263141C7A4E0C00F2C452 /* Psychologist.xcdatamodel */ = {isa = PBXFileReference; lastKnownFileType = wrapper.xcdatamodel; path = Psychologist.xcdatamodel; sourceTree = "<group>"; };
		247263161C7A4E0C00F2C452 /* Assets.xcassets */ = {isa = PBXFileReference; lastKnownFileType = folder.assetcatalog; path = Assets.xcassets; sourceTree = "<group>"; };
		247263191C7A4E0C00F2C452 /* Base */ = {isa = PBXFileReference; lastKnownFileType = file.storyboard; name = Base; path = Base.lproj/LaunchScreen.storyboard; sourceTree = "<group>"; };
		2472631B1C7A4E0C00F2C452 /* Info.plist */ = {isa = PBXFileReference; lastKnownFileType = text.plist.xml; path = Info.plist; sourceTree = "<group>"; };
/* End PBXFileReference section */

/* Begin PBXFrameworksBuildPhase section */
		247263061C7A4E0C00F2C452 /* Frameworks */ = {
			isa = PBXFrameworksBuildPhase;
			buildActionMask = 2147483647;
			files = (
			);
			runOnlyForDeploymentPostprocessing = 0;
		};
/* End PBXFrameworksBuildPhase section */

/* Begin PBXGroup section */
		247263001C7A4E0C00F2C452 = {
			isa = PBXGroup;
			children = (
				2472630B1C7A4E0C00F2C452 /* Psychologist */,
				2472630A1C7A4E0C00F2C452 /* Products */,
			);
			sourceTree = "<group>";
		};
		2472630A1C7A4E0C00F2C452 /* Products */ = {
			isa = PBXGroup;
			children = (
				247263091C7A4E0C00F2C452 /* Psychologist.app */,
			);
			name = Products;
			sourceTree = "<group>";
		};
		2472630B1C7A4E0C00F2C452 /* Psychologist */ = {
			isa = PBXGroup;
			children = (
				2472630C1C7A4E0C00F2C452 /* AppDelegate.swift */,
				2472630E1C7A4E0C00F2C452 /* ViewController.swift */,
				247263101C7A4E0C00F2C452 /* Main.storyboard */,
				247263161C7A4E0C00F2C452 /* Assets.xcassets */,
				247263181C7A4E0C00F2C452 /* LaunchScreen.storyboard */,
				2472631B1C7A4E0C00F2C452 /* Info.plist */,
				247263131C7A4E0C00F2C452 /* Psychologist.xcdatamodeld */,
			);
			path = Psychologist;
			sourceTree = "<group>";
		};
/* End PBXGroup section */

/* Begin PBXNativeTarget section */
		247263081C7A4E0C00F2C452 /* Psychologist */ = {
			isa = PBXNativeTarget;
			buildConfigurationList = 2472631E1C7A4E0C00F2C452 /* Build configuration list for PBXNativeTarget "Psychologist" */;
			buildPhases = (
				247263051C7A4E0C00F2C452 /* Sources */,
				247263061C7A4E0C00F2C452 /* Frameworks */,
				247263071C7A4E0C00F2C452 /* Resources */,
			);
			buildRules = (
			);
			dependencies = (
			);
			name = Psychologist;
			productName = Psychologist;
			productReference = 247263091C7A4E0C00F2C452 /* Psychologist.app */;
			productType = "com.apple.product-type.application";
		};
/* End PBXNativeTarget section */

/* Begin PBXProject section */
		247263011C7A4E0C00F2C452 /* Project object */ = {
			isa = PBXProject;
			attributes = {
				LastSwiftUpdateCheck = 0720;
				LastUpgradeCheck = 0720;
				ORGANIZATIONNAME = jg;
				TargetAttributes = {
					247263081C7A4E0C00F2C452 = {
						CreatedOnToolsVersion = 7.2.1;
						DevelopmentTeam = N4S7B5L634;
					};
				};
			};
			buildConfigurationList = 247263041C7A4E0C00F2C452 /* Build configuration list for PBXProject "Psychologist" */;
			compatibilityVersion = "Xcode 3.2";
			developmentRegion = English;
			hasScannedForEncodings = 0;
			knownRegions = (
				en,
				Base,
			);
			mainGroup = 247263001C7A4E0C00F2C452;
			productRefGroup = 2472630A1C7A4E0C00F2C452 /* Products */;
			projectDirPath = "";
			projectRoot = "";
			targets = (
				247263081C7A4E0C00F2C452 /* Psychologist */,
			);
		};
/* End PBXProject section */

/* Begin PBXResourcesBuildPhase section */
		247263071C7A4E0C00F2C452 /* Resources */ = {
			isa = PBXResourcesBuildPhase;
			buildActionMask = 2147483647;
			files = (
				2472631A1C7A4E0C00F2C452 /* LaunchScreen.storyboard in Resources */,
				247263171C7A4E0C00F2C452 /* Assets.xcassets in Resources */,
				247263121C7A4E0C00F2C452 /* Main.storyboard in Resources */,
			);
			runOnlyForDeploymentPostprocessing = 0;
		};
/* End PBXResourcesBuildPhase section */

/* Begin PBXSourcesBuildPhase section */
		247263051C7A4E0C00F2C452 /* Sources */ = {
			isa = PBXSourcesBuildPhase;
			buildActionMask = 2147483647;
			files = (
				2472630F1C7A4E0C00F2C452 /* ViewController.swift in Sources */,
				247263151C7A4E0C00F2C452 /* Psychologist.xcdatamodeld in Sources */,
				2472630D1C7A4E0C00F2C452 /* AppDelegate.swift in Sources */,
			);
			runOnlyForDeploymentPostprocessing = 0;
		};
/* End PBXSourcesBuildPhase section */

/* Begin PBXVariantGroup section */
		247263101C7A4E0C00F2C452 /* Main.storyboard */ = {
			isa = PBXVariantGroup;
			children = (
				247263111C7A4E0C00F2C452 /* Base */,
			);
			name = Main.storyboard;
			sourceTree = "<group>";
		};
		247263181C7A4E0C00F2C452 /* LaunchScreen.storyboard */ = {
			isa = PBXVariantGroup;
			children = (
				247263191C7A4E0C00F2C452 /* Base */,
			);
			name = LaunchScreen.storyboard;
			sourceTree = "<group>";
		};
/* End PBXVariantGroup section */

/* Begin XCBuildConfiguration section */
		2472631C1C7A4E0C00F2C452 /* Debug */ = {
			isa = XCBuildConfiguration;
			buildSettings = {
				ALWAYS_SEARCH_USER_PATHS = NO;
				CLANG_CXX_LANGUAGE_STANDARD = "gnu++0x";
				CLANG_CXX_LIBRARY = "libc++";
				CLANG_ENABLE_MODULES = YES;
				CLANG_ENABLE_OBJC_ARC = YES;
				CLANG_WARN_BOOL_CONVERSION = YES;
				CLANG_WARN_CONSTANT_CONVERSION = YES;
				CLANG_WARN_DIRECT_OBJC_ISA_USAGE = YES_ERROR;
				CLANG_WARN_EMPTY_BODY = YES;
				CLANG_WARN_ENUM_CONVERSION = YES;
				CLANG_WARN_INT_CONVERSION = YES;
				CLANG_WARN_OBJC_ROOT_CLASS = YES_ERROR;
				CLANG_WARN_UNREACHABLE_CODE = YES;
				CLANG_WARN__DUPLICATE_METHOD_MATCH = YES;
				"CODE_SIGN_IDENTITY[sdk=iphoneos*]" = "iPhone Developer";
				COPY_PHASE_STRIP = NO;
				DEBUG_INFORMATION_FORMAT = dwarf;
				ENABLE_STRICT_OBJC_MSGSEND = YES;
				ENABLE_TESTABILITY = YES;
				GCC_C_LANGUAGE_STANDARD = gnu99;
				GCC_DYNAMIC_NO_PIC = NO;
				GCC_NO_COMMON_BLOCKS = YES;
				GCC_OPTIMIZATION_LEVEL = 0;
				GCC_PREPROCESSOR_DEFINITIONS = (
					"DEBUG=1",
					"$(inherited)",
				);
				GCC_WARN_64_TO_32_BIT_CONVERSION = YES;
				GCC_WARN_ABOUT_RETURN_TYPE = YES_ERROR;
				GCC_WARN_UNDECLARED_SELECTOR = YES;
				GCC_WARN_UNINITIALIZED_AUTOS = YES_AGGRESSIVE;
				GCC_WARN_UNUSED_FUNCTION = YES;
				GCC_WARN_UNUSED_VARIABLE = YES;
				IPHONEOS_DEPLOYMENT_TARGET = 9.2;
				MTL_ENABLE_DEBUG_INFO = YES;
				ONLY_ACTIVE_ARCH = YES;
				SDKROOT = iphoneos;
				SWIFT_OPTIMIZATION_LEVEL = "-Onone";
			};
			name = Debug;
		};
		2472631D1C7A4E0C00F2C452 /* Release */ = {
			isa = XCBuildConfiguration;
			buildSettings = {
				ALWAYS_SEARCH_USER_PATHS = NO;
				CLANG_CXX_LANGUAGE_STANDARD = "gnu++0x";
				CLANG_CXX_LIBRARY = "libc++";
				CLANG_ENABLE_MODULES = YES;
				CLANG_ENABLE_OBJC_ARC = YES;
				CLANG_WARN_BOOL_CONVERSION = YES;
				CLANG_WARN_CONSTANT_CONVERSION = YES;
				CLANG_WARN_DIRECT_OBJC_ISA_USAGE = YES_ERROR;
				CLANG_WARN_EMPTY_BODY = YES;
				CLANG_WARN_ENUM_CONVERSION = YES;
				CLANG_WARN_INT_CONVERSION = YES;
				CLANG_WARN_OBJC_ROOT_CLASS = YES_ERROR;
				CLANG_WARN_UNREACHABLE_CODE = YES;
				CLANG_WARN__DUPLICATE_METHOD_MATCH = YES;
				"CODE_SIGN_IDENTITY[sdk=iphoneos*]" = "iPhone Developer";
				COPY_PHASE_STRIP = NO;
				DEBUG_INFORMATION_FORMAT = "dwarf-with-dsym";
				ENABLE_NS_ASSERTIONS = NO;
				ENABLE_STRICT_OBJC_MSGSEND = YES;
				GCC_C_LANGUAGE_STANDARD = gnu99;
				GCC_NO_COMMON_BLOCKS = YES;
				GCC_WARN_64_TO_32_BIT_CONVERSION = YES;
				GCC_WARN_ABOUT_RETURN_TYPE = YES_ERROR;
				GCC_WARN_UNDECLARED_SELECTOR = YES;
				GCC_WARN_UNINITIALIZED_AUTOS = YES_AGGRESSIVE;
				GCC_WARN_UNUSED_FUNCTION = YES;
				GCC_WARN_UNUSED_VARIABLE = YES;
				IPHONEOS_DEPLOYMENT_TARGET = 9.2;
				MTL_ENABLE_DEBUG_INFO = NO;
				SDKROOT = iphoneos;
				VALIDATE_PRODUCT = YES;
			};
			name = Release;
		};
		2472631F1C7A4E0C00F2C452 /* Debug */ = {
			isa = XCBuildConfiguration;
			buildSettings = {
				ASSETCATALOG_COMPILER_APPICON_NAME = AppIcon;
				INFOPLIST_FILE = Psychologist/Info.plist;
				LD_RUNPATH_SEARCH_PATHS = "$(inherited) @executable_path/Frameworks";
				PRODUCT_BUNDLE_IDENTIFIER = pl.edu.uj.Psychologist;
				PRODUCT_NAME = "$(TARGET_NAME)";
			};
			name = Debug;
		};
		247263201C7A4E0C00F2C452 /* Release */ = {
			isa = XCBuildConfiguration;
			buildSettings = {
				ASSETCATALOG_COMPILER_APPICON_NAME = AppIcon;
				INFOPLIST_FILE = Psychologist/Info.plist;
				LD_RUNPATH_SEARCH_PATHS = "$(inherited) @executable_path/Frameworks";
				PRODUCT_BUNDLE_IDENTIFIER = pl.edu.uj.Psychologist;
				PRODUCT_NAME = "$(TARGET_NAME)";
			};
			name = Release;
		};
/* End XCBuildConfiguration section */

/* Begin XCConfigurationList section */
		247263041C7A4E0C00F2C452 /* Build configuration list for PBXProject "Psychologist" */ = {
			isa = XCConfigurationList;
			buildConfigurations = (
				2472631C1C7A4E0C00F2C452 /* Debug */,
				2472631D1C7A4E0C00F2C452 /* Release */,
			);
			defaultConfigurationIsVisible = 0;
			defaultConfigurationName = Release;
		};
		2472631E1C7A4E0C00F2C452 /* Build configuration list for PBXNativeTarget "Psychologist" */ = {
			isa = XCConfigurationList;
			buildConfigurations = (
				2472631F1C7A4E0C00F2C452 /* Debug */,
				247263201C7A4E0C00F2C452 /* Release */,
			);
			defaultConfigurationIsVisible = 0;
		};
/* End XCConfigurationList section */

/* Begin XCVersionGroup section */
		247263131C7A4E0C00F2C452 /* Psychologist.xcdatamodeld */ = {
			isa = XCVersionGroup;
			children = (
				247263141C7A4E0C00F2C452 /* Psychologist.xcdatamodel */,
			);
			currentVersion = 247263141C7A4E0C00F2C452 /* Psychologist.xcdatamodel */;
			path = Psychologist.xcdatamodeld;
			sourceTree = "<group>";
			versionGroupType = wrapper.xcdatamodel;
		};
/* End XCVersionGroup section */
	};
	rootObject = 247263011C7A4E0C00F2C452 /* Project object */;
}
