// !$*UTF8*$!
{
	archiveVersion = 1;
	classes = {
	};
	objectVersion = 46;
	objects = {

/* Begin PBXBuildFile section */
		2454D0A81C7BDD390072B830 /* photo1.jpg in Resources */ = {isa = PBXBuildFile; fileRef = 2454D0A51C7BDD390072B830 /* photo1.jpg */; };
		2454D0A91C7BDD390072B830 /* photo2.png in Resources */ = {isa = PBXBuildFile; fileRef = 2454D0A61C7BDD390072B830 /* photo2.png */; };
		2454D0AA1C7BDD390072B830 /* photo3.jpg in Resources */ = {isa = PBXBuildFile; fileRef = 2454D0A71C7BDD390072B830 /* photo3.jpg */; };
		2454D0AC1C7BDE880072B830 /* MyTableViewCell.swift in Sources */ = {isa = PBXBuildFile; fileRef = 2454D0AB1C7BDE880072B830 /* MyTableViewCell.swift */; };
		247263501C7A620400F2C452 /* AppDelegate.swift in Sources */ = {isa = PBXBuildFile; fileRef = 2472634F1C7A620400F2C452 /* AppDelegate.swift */; };
		247263521C7A620400F2C452 /* NotesViewController.swift in Sources */ = {isa = PBXBuildFile; fileRef = 247263511C7A620400F2C452 /* NotesViewController.swift */; };
		247263541C7A620400F2C452 /* MapViewController.swift in Sources */ = {isa = PBXBuildFile; fileRef = 247263531C7A620400F2C452 /* MapViewController.swift */; };
		247263571C7A620400F2C452 /* Main.storyboard in Resources */ = {isa = PBXBuildFile; fileRef = 247263551C7A620400F2C452 /* Main.storyboard */; };
		247263591C7A620400F2C452 /* Assets.xcassets in Resources */ = {isa = PBXBuildFile; fileRef = 247263581C7A620400F2C452 /* Assets.xcassets */; };
		2472635C1C7A620400F2C452 /* LaunchScreen.storyboard in Resources */ = {isa = PBXBuildFile; fileRef = 2472635A1C7A620400F2C452 /* LaunchScreen.storyboard */; };
		247263671C7A647400F2C452 /* CreateViewController.swift in Sources */ = {isa = PBXBuildFile; fileRef = 247263661C7A647400F2C452 /* CreateViewController.swift */; };
		247263691C7A64F700F2C452 /* MyTableTableViewController.swift in Sources */ = {isa = PBXBuildFile; fileRef = 247263681C7A64F700F2C452 /* MyTableTableViewController.swift */; };
		2472636B1C7A66C500F2C452 /* NoteDetailViewController.swift in Sources */ = {isa = PBXBuildFile; fileRef = 2472636A1C7A66C500F2C452 /* NoteDetailViewController.swift */; };
		2472636D1C7A684C00F2C452 /* Note.swift in Sources */ = {isa = PBXBuildFile; fileRef = 2472636C1C7A684C00F2C452 /* Note.swift */; };
		247263701C7B87EE00F2C452 /* Notebook.swift in Sources */ = {isa = PBXBuildFile; fileRef = 2472636F1C7B87EE00F2C452 /* Notebook.swift */; };
/* End PBXBuildFile section */

/* Begin PBXFileReference section */
		2454D0A51C7BDD390072B830 /* photo1.jpg */ = {isa = PBXFileReference; lastKnownFileType = image.jpeg; path = photo1.jpg; sourceTree = "<group>"; };
		2454D0A61C7BDD390072B830 /* photo2.png */ = {isa = PBXFileReference; lastKnownFileType = image.png; path = photo2.png; sourceTree = "<group>"; };
		2454D0A71C7BDD390072B830 /* photo3.jpg */ = {isa = PBXFileReference; lastKnownFileType = image.jpeg; path = photo3.jpg; sourceTree = "<group>"; };
		2454D0AB1C7BDE880072B830 /* MyTableViewCell.swift */ = {isa = PBXFileReference; fileEncoding = 4; lastKnownFileType = sourcecode.swift; path = MyTableViewCell.swift; sourceTree = "<group>"; };
		2472634C1C7A620400F2C452 /* Molesykn.app */ = {isa = PBXFileReference; explicitFileType = wrapper.application; includeInIndex = 0; path = Molesykn.app; sourceTree = BUILT_PRODUCTS_DIR; };
		2472634F1C7A620400F2C452 /* AppDelegate.swift */ = {isa = PBXFileReference; lastKnownFileType = sourcecode.swift; path = AppDelegate.swift; sourceTree = "<group>"; };
		247263511C7A620400F2C452 /* NotesViewController.swift */ = {isa = PBXFileReference; lastKnownFileType = sourcecode.swift; path = NotesViewController.swift; sourceTree = "<group>"; };
		247263531C7A620400F2C452 /* MapViewController.swift */ = {isa = PBXFileReference; lastKnownFileType = sourcecode.swift; path = MapViewController.swift; sourceTree = "<group>"; };
		247263561C7A620400F2C452 /* Base */ = {isa = PBXFileReference; lastKnownFileType = file.storyboard; name = Base; path = Base.lproj/Main.storyboard; sourceTree = "<group>"; };
		247263581C7A620400F2C452 /* Assets.xcassets */ = {isa = PBXFileReference; lastKnownFileType = folder.assetcatalog; path = Assets.xcassets; sourceTree = "<group>"; };
		2472635B1C7A620400F2C452 /* Base */ = {isa = PBXFileReference; lastKnownFileType = file.storyboard; name = Base; path = Base.lproj/LaunchScreen.storyboard; sourceTree = "<group>"; };
		2472635D1C7A620400F2C452 /* Info.plist */ = {isa = PBXFileReference; lastKnownFileType = text.plist.xml; path = Info.plist; sourceTree = "<group>"; };
		247263661C7A647400F2C452 /* CreateViewController.swift */ = {isa = PBXFileReference; fileEncoding = 4; lastKnownFileType = sourcecode.swift; path = CreateViewController.swift; sourceTree = "<group>"; };
		247263681C7A64F700F2C452 /* MyTableTableViewController.swift */ = {isa = PBXFileReference; fileEncoding = 4; lastKnownFileType = sourcecode.swift; path = MyTableTableViewController.swift; sourceTree = "<group>"; };
		2472636A1C7A66C500F2C452 /* NoteDetailViewController.swift */ = {isa = PBXFileReference; fileEncoding = 4; lastKnownFileType = sourcecode.swift; path = NoteDetailViewController.swift; sourceTree = "<group>"; };
		2472636C1C7A684C00F2C452 /* Note.swift */ = {isa = PBXFileReference; fileEncoding = 4; lastKnownFileType = sourcecode.swift; path = Note.swift; sourceTree = "<group>"; };
		2472636F1C7B87EE00F2C452 /* Notebook.swift */ = {isa = PBXFileReference; fileEncoding = 4; lastKnownFileType = sourcecode.swift; path = Notebook.swift; sourceTree = "<group>"; };
/* End PBXFileReference section */

/* Begin PBXFrameworksBuildPhase section */
		247263491C7A620400F2C452 /* Frameworks */ = {
			isa = PBXFrameworksBuildPhase;
			buildActionMask = 2147483647;
			files = (
			);
			runOnlyForDeploymentPostprocessing = 0;
		};
/* End PBXFrameworksBuildPhase section */

/* Begin PBXGroup section */
		247263431C7A620400F2C452 = {
			isa = PBXGroup;
			children = (
				2472634E1C7A620400F2C452 /* Molesykn */,
				2472634D1C7A620400F2C452 /* Products */,
			);
			sourceTree = "<group>";
		};
		2472634D1C7A620400F2C452 /* Products */ = {
			isa = PBXGroup;
			children = (
				2472634C1C7A620400F2C452 /* Molesykn.app */,
			);
			name = Products;
			sourceTree = "<group>";
		};
		2472634E1C7A620400F2C452 /* Molesykn */ = {
			isa = PBXGroup;
			children = (
				2472636E1C7B86A800F2C452 /* Model */,
				247263631C7A621400F2C452 /* Supporting Files */,
				247263BC1C7BA1DD00F2C452 /* Controllers */,
				247263551C7A620400F2C452 /* Main.storyboard */,
				2454D0AB1C7BDE880072B830 /* MyTableViewCell.swift */,
			);
			path = Molesykn;
			sourceTree = "<group>";
		};
		247263631C7A621400F2C452 /* Supporting Files */ = {
			isa = PBXGroup;
			children = (
				247263711C7B8A6800F2C452 /* DemoAssets */,
				2472634F1C7A620400F2C452 /* AppDelegate.swift */,
				247263581C7A620400F2C452 /* Assets.xcassets */,
				2472635A1C7A620400F2C452 /* LaunchScreen.storyboard */,
				2472635D1C7A620400F2C452 /* Info.plist */,
			);
			name = "Supporting Files";
			sourceTree = "<group>";
		};
		2472636E1C7B86A800F2C452 /* Model */ = {
			isa = PBXGroup;
			children = (
				2472636C1C7A684C00F2C452 /* Note.swift */,
				2472636F1C7B87EE00F2C452 /* Notebook.swift */,
			);
			name = Model;
			sourceTree = "<group>";
		};
		247263711C7B8A6800F2C452 /* DemoAssets */ = {
			isa = PBXGroup;
			children = (
				2454D0A51C7BDD390072B830 /* photo1.jpg */,
				2454D0A61C7BDD390072B830 /* photo2.png */,
				2454D0A71C7BDD390072B830 /* photo3.jpg */,
			);
			path = DemoAssets;
			sourceTree = "<group>";
		};
		247263BC1C7BA1DD00F2C452 /* Controllers */ = {
			isa = PBXGroup;
			children = (
				247263511C7A620400F2C452 /* NotesViewController.swift */,
				247263681C7A64F700F2C452 /* MyTableTableViewController.swift */,
				247263531C7A620400F2C452 /* MapViewController.swift */,
				247263661C7A647400F2C452 /* CreateViewController.swift */,
				2472636A1C7A66C500F2C452 /* NoteDetailViewController.swift */,
			);
			name = Controllers;
			sourceTree = "<group>";
		};
/* End PBXGroup section */

/* Begin PBXNativeTarget section */
		2472634B1C7A620400F2C452 /* Molesykn */ = {
			isa = PBXNativeTarget;
			buildConfigurationList = 247263601C7A620400F2C452 /* Build configuration list for PBXNativeTarget "Molesykn" */;
			buildPhases = (
				247263481C7A620400F2C452 /* Sources */,
				247263491C7A620400F2C452 /* Frameworks */,
				2472634A1C7A620400F2C452 /* Resources */,
			);
			buildRules = (
			);
			dependencies = (
			);
			name = Molesykn;
			productName = Molesykn;
			productReference = 2472634C1C7A620400F2C452 /* Molesykn.app */;
			productType = "com.apple.product-type.application";
		};
/* End PBXNativeTarget section */

/* Begin PBXProject section */
		247263441C7A620400F2C452 /* Project object */ = {
			isa = PBXProject;
			attributes = {
				LastSwiftUpdateCheck = 0720;
				LastUpgradeCheck = 0720;
				ORGANIZATIONNAME = jg;
				TargetAttributes = {
					2472634B1C7A620400F2C452 = {
						CreatedOnToolsVersion = 7.2.1;
						DevelopmentTeam = N4S7B5L634;
					};
				};
			};
			buildConfigurationList = 247263471C7A620400F2C452 /* Build configuration list for PBXProject "Molesykn" */;
			compatibilityVersion = "Xcode 3.2";
			developmentRegion = English;
			hasScannedForEncodings = 0;
			knownRegions = (
				en,
				Base,
			);
			mainGroup = 247263431C7A620400F2C452;
			productRefGroup = 2472634D1C7A620400F2C452 /* Products */;
			projectDirPath = "";
			projectRoot = "";
			targets = (
				2472634B1C7A620400F2C452 /* Molesykn */,
			);
		};
/* End PBXProject section */

/* Begin PBXResourcesBuildPhase section */
		2472634A1C7A620400F2C452 /* Resources */ = {
			isa = PBXResourcesBuildPhase;
			buildActionMask = 2147483647;
			files = (
				2454D0AA1C7BDD390072B830 /* photo3.jpg in Resources */,
				2454D0A91C7BDD390072B830 /* photo2.png in Resources */,
				2454D0A81C7BDD390072B830 /* photo1.jpg in Resources */,
				2472635C1C7A620400F2C452 /* LaunchScreen.storyboard in Resources */,
				247263591C7A620400F2C452 /* Assets.xcassets in Resources */,
				247263571C7A620400F2C452 /* Main.storyboard in Resources */,
			);
			runOnlyForDeploymentPostprocessing = 0;
		};
/* End PBXResourcesBuildPhase section */

/* Begin PBXSourcesBuildPhase section */
		247263481C7A620400F2C452 /* Sources */ = {
			isa = PBXSourcesBuildPhase;
			buildActionMask = 2147483647;
			files = (
				247263671C7A647400F2C452 /* CreateViewController.swift in Sources */,
				247263541C7A620400F2C452 /* MapViewController.swift in Sources */,
				247263701C7B87EE00F2C452 /* Notebook.swift in Sources */,
				2472636D1C7A684C00F2C452 /* Note.swift in Sources */,
				247263501C7A620400F2C452 /* AppDelegate.swift in Sources */,
				2454D0AC1C7BDE880072B830 /* MyTableViewCell.swift in Sources */,
				247263691C7A64F700F2C452 /* MyTableTableViewController.swift in Sources */,
				247263521C7A620400F2C452 /* NotesViewController.swift in Sources */,
				2472636B1C7A66C500F2C452 /* NoteDetailViewController.swift in Sources */,
			);
			runOnlyForDeploymentPostprocessing = 0;
		};
/* End PBXSourcesBuildPhase section */

/* Begin PBXVariantGroup section */
		247263551C7A620400F2C452 /* Main.storyboard */ = {
			isa = PBXVariantGroup;
			children = (
				247263561C7A620400F2C452 /* Base */,
			);
			name = Main.storyboard;
			sourceTree = "<group>";
		};
		2472635A1C7A620400F2C452 /* LaunchScreen.storyboard */ = {
			isa = PBXVariantGroup;
			children = (
				2472635B1C7A620400F2C452 /* Base */,
			);
			name = LaunchScreen.storyboard;
			sourceTree = "<group>";
		};
/* End PBXVariantGroup section */

/* Begin XCBuildConfiguration section */
		2472635E1C7A620400F2C452 /* Debug */ = {
			isa = XCBuildConfiguration;
			buildSettings = {
				ALWAYS_SEARCH_USER_PATHS = NO;
				CLANG_CXX_LANGUAGE_STANDARD = "gnu++0x";
				CLANG_CXX_LIBRARY = "libc++";
				CLANG_ENABLE_MODULES = YES;
				CLANG_ENABLE_OBJC_ARC = YES;
				CLANG_WARN_BOOL_CONVERSION = YES;
				CLANG_WARN_CONSTANT_CONVERSION = YES;
				CLANG_WARN_DIRECT_OBJC_ISA_USAGE = YES_ERROR;
				CLANG_WARN_EMPTY_BODY = YES;
				CLANG_WARN_ENUM_CONVERSION = YES;
				CLANG_WARN_INT_CONVERSION = YES;
				CLANG_WARN_OBJC_ROOT_CLASS = YES_ERROR;
				CLANG_WARN_UNREACHABLE_CODE = YES;
				CLANG_WARN__DUPLICATE_METHOD_MATCH = YES;
				"CODE_SIGN_IDENTITY[sdk=iphoneos*]" = "iPhone Developer";
				COPY_PHASE_STRIP = NO;
				DEBUG_INFORMATION_FORMAT = dwarf;
				ENABLE_STRICT_OBJC_MSGSEND = YES;
				ENABLE_TESTABILITY = YES;
				GCC_C_LANGUAGE_STANDARD = gnu99;
				GCC_DYNAMIC_NO_PIC = NO;
				GCC_NO_COMMON_BLOCKS = YES;
				GCC_OPTIMIZATION_LEVEL = 0;
				GCC_PREPROCESSOR_DEFINITIONS = (
					"DEBUG=1",
					"$(inherited)",
				);
				GCC_WARN_64_TO_32_BIT_CONVERSION = YES;
				GCC_WARN_ABOUT_RETURN_TYPE = YES_ERROR;
				GCC_WARN_UNDECLARED_SELECTOR = YES;
				GCC_WARN_UNINITIALIZED_AUTOS = YES_AGGRESSIVE;
				GCC_WARN_UNUSED_FUNCTION = YES;
				GCC_WARN_UNUSED_VARIABLE = YES;
				IPHONEOS_DEPLOYMENT_TARGET = 9.2;
				MTL_ENABLE_DEBUG_INFO = YES;
				ONLY_ACTIVE_ARCH = YES;
				SDKROOT = iphoneos;
				SWIFT_OPTIMIZATION_LEVEL = "-Onone";
			};
			name = Debug;
		};
		2472635F1C7A620400F2C452 /* Release */ = {
			isa = XCBuildConfiguration;
			buildSettings = {
				ALWAYS_SEARCH_USER_PATHS = NO;
				CLANG_CXX_LANGUAGE_STANDARD = "gnu++0x";
				CLANG_CXX_LIBRARY = "libc++";
				CLANG_ENABLE_MODULES = YES;
				CLANG_ENABLE_OBJC_ARC = YES;
				CLANG_WARN_BOOL_CONVERSION = YES;
				CLANG_WARN_CONSTANT_CONVERSION = YES;
				CLANG_WARN_DIRECT_OBJC_ISA_USAGE = YES_ERROR;
				CLANG_WARN_EMPTY_BODY = YES;
				CLANG_WARN_ENUM_CONVERSION = YES;
				CLANG_WARN_INT_CONVERSION = YES;
				CLANG_WARN_OBJC_ROOT_CLASS = YES_ERROR;
				CLANG_WARN_UNREACHABLE_CODE = YES;
				CLANG_WARN__DUPLICATE_METHOD_MATCH = YES;
				"CODE_SIGN_IDENTITY[sdk=iphoneos*]" = "iPhone Developer";
				COPY_PHASE_STRIP = NO;
				DEBUG_INFORMATION_FORMAT = "dwarf-with-dsym";
				ENABLE_NS_ASSERTIONS = NO;
				ENABLE_STRICT_OBJC_MSGSEND = YES;
				GCC_C_LANGUAGE_STANDARD = gnu99;
				GCC_NO_COMMON_BLOCKS = YES;
				GCC_WARN_64_TO_32_BIT_CONVERSION = YES;
				GCC_WARN_ABOUT_RETURN_TYPE = YES_ERROR;
				GCC_WARN_UNDECLARED_SELECTOR = YES;
				GCC_WARN_UNINITIALIZED_AUTOS = YES_AGGRESSIVE;
				GCC_WARN_UNUSED_FUNCTION = YES;
				GCC_WARN_UNUSED_VARIABLE = YES;
				IPHONEOS_DEPLOYMENT_TARGET = 9.2;
				MTL_ENABLE_DEBUG_INFO = NO;
				SDKROOT = iphoneos;
				VALIDATE_PRODUCT = YES;
			};
			name = Release;
		};
		247263611C7A620400F2C452 /* Debug */ = {
			isa = XCBuildConfiguration;
			buildSettings = {
				ASSETCATALOG_COMPILER_APPICON_NAME = AppIcon;
				INFOPLIST_FILE = Molesykn/Info.plist;
				LD_RUNPATH_SEARCH_PATHS = "$(inherited) @executable_path/Frameworks";
				PRODUCT_BUNDLE_IDENTIFIER = pl.edu.uj.Molesykn;
				PRODUCT_NAME = "$(TARGET_NAME)";
			};
			name = Debug;
		};
		247263621C7A620400F2C452 /* Release */ = {
			isa = XCBuildConfiguration;
			buildSettings = {
				ASSETCATALOG_COMPILER_APPICON_NAME = AppIcon;
				INFOPLIST_FILE = Molesykn/Info.plist;
				LD_RUNPATH_SEARCH_PATHS = "$(inherited) @executable_path/Frameworks";
				PRODUCT_BUNDLE_IDENTIFIER = pl.edu.uj.Molesykn;
				PRODUCT_NAME = "$(TARGET_NAME)";
			};
			name = Release;
		};
/* End XCBuildConfiguration section */

/* Begin XCConfigurationList section */
		247263471C7A620400F2C452 /* Build configuration list for PBXProject "Molesykn" */ = {
			isa = XCConfigurationList;
			buildConfigurations = (
				2472635E1C7A620400F2C452 /* Debug */,
				2472635F1C7A620400F2C452 /* Release */,
			);
			defaultConfigurationIsVisible = 0;
			defaultConfigurationName = Release;
		};
		247263601C7A620400F2C452 /* Build configuration list for PBXNativeTarget "Molesykn" */ = {
			isa = XCConfigurationList;
			buildConfigurations = (
				247263611C7A620400F2C452 /* Debug */,
				247263621C7A620400F2C452 /* Release */,
			);
			defaultConfigurationIsVisible = 0;
			defaultConfigurationName = Release;
		};
/* End XCConfigurationList section */
	};
	rootObject = 247263441C7A620400F2C452 /* Project object */;
}
