// !$*UTF8*$!
{
	archiveVersion = 1;
	classes = {
	};
	objectVersion = 46;
	objects = {

/* Begin PBXBuildFile section */
		247263501C7A620400F2C452 /* AppDelegate.swift in Sources */ = {isa = PBXBuildFile; fileRef = 2472634F1C7A620400F2C452 /* AppDelegate.swift */; };
		247263521C7A620400F2C452 /* NotesViewController.swift in Sources */ = {isa = PBXBuildFile; fileRef = 247263511C7A620400F2C452 /* NotesViewController.swift */; };
		247263541C7A620400F2C452 /* MapViewController.swift in Sources */ = {isa = PBXBuildFile; fileRef = 247263531C7A620400F2C452 /* MapViewController.swift */; };
		247263571C7A620400F2C452 /* Main.storyboard in Resources */ = {isa = PBXBuildFile; fileRef = 247263551C7A620400F2C452 /* Main.storyboard */; };
		247263591C7A620400F2C452 /* Assets.xcassets in Resources */ = {isa = PBXBuildFile; fileRef = 247263581C7A620400F2C452 /* Assets.xcassets */; };
		2472635C1C7A620400F2C452 /* LaunchScreen.storyboard in Resources */ = {isa = PBXBuildFile; fileRef = 2472635A1C7A620400F2C452 /* LaunchScreen.storyboard */; };
		247263671C7A647400F2C452 /* CreateViewController.swift in Sources */ = {isa = PBXBuildFile; fileRef = 247263661C7A647400F2C452 /* CreateViewController.swift */; };
		247263691C7A64F700F2C452 /* MyTableTableViewController.swift in Sources */ = {isa = PBXBuildFile; fileRef = 247263681C7A64F700F2C452 /* MyTableTableViewController.swift */; };
		2472636B1C7A66C500F2C452 /* NoteDetailViewController.swift in Sources */ = {isa = PBXBuildFile; fileRef = 2472636A1C7A66C500F2C452 /* NoteDetailViewController.swift */; };
		2472636D1C7A684C00F2C452 /* Note.swift in Sources */ = {isa = PBXBuildFile; fileRef = 2472636C1C7A684C00F2C452 /* Note.swift */; };
		247263701C7B87EE00F2C452 /* Notebook.swift in Sources */ = {isa = PBXBuildFile; fileRef = 2472636F1C7B87EE00F2C452 /* Notebook.swift */; };
		247263971C7B8A6800F2C452 /* airport-express.tif in Resources */ = {isa = PBXBuildFile; fileRef = 247263721C7B8A6800F2C452 /* airport-express.tif */; };
		247263981C7B8A6800F2C452 /* airport-extreme.tif in Resources */ = {isa = PBXBuildFile; fileRef = 247263731C7B8A6800F2C452 /* airport-extreme.tif */; };
		247263991C7B8A6800F2C452 /* airport-time-capsule.tif in Resources */ = {isa = PBXBuildFile; fileRef = 247263741C7B8A6800F2C452 /* airport-time-capsule.tif */; };
		2472639A1C7B8A6800F2C452 /* aperture.tif in Resources */ = {isa = PBXBuildFile; fileRef = 247263751C7B8A6800F2C452 /* aperture.tif */; };
		2472639B1C7B8A6800F2C452 /* apple-pay.tif in Resources */ = {isa = PBXBuildFile; fileRef = 247263761C7B8A6800F2C452 /* apple-pay.tif */; };
		2472639C1C7B8A6800F2C452 /* apple-tv.tif in Resources */ = {isa = PBXBuildFile; fileRef = 247263771C7B8A6800F2C452 /* apple-tv.tif */; };
		2472639D1C7B8A6800F2C452 /* apple-watch.tif in Resources */ = {isa = PBXBuildFile; fileRef = 247263781C7B8A6800F2C452 /* apple-watch.tif */; };
		2472639E1C7B8A6800F2C452 /* apple-wireless-keyboard.tif in Resources */ = {isa = PBXBuildFile; fileRef = 247263791C7B8A6800F2C452 /* apple-wireless-keyboard.tif */; };
		2472639F1C7B8A6800F2C452 /* battery-charger.tif in Resources */ = {isa = PBXBuildFile; fileRef = 2472637A1C7B8A6800F2C452 /* battery-charger.tif */; };
		247263A01C7B8A6800F2C452 /* default@1x.pdf in Resources */ = {isa = PBXBuildFile; fileRef = 2472637B1C7B8A6800F2C452 /* default@1x.pdf */; };
		247263A11C7B8A6800F2C452 /* default@2x.pdf in Resources */ = {isa = PBXBuildFile; fileRef = 2472637C1C7B8A6800F2C452 /* default@2x.pdf */; };
		247263A21C7B8A6800F2C452 /* display.tif in Resources */ = {isa = PBXBuildFile; fileRef = 2472637D1C7B8A6800F2C452 /* display.tif */; };
		247263A31C7B8A6800F2C452 /* eyeball.png in Resources */ = {isa = PBXBuildFile; fileRef = 2472637E1C7B8A6800F2C452 /* eyeball.png */; };
		247263A41C7B8A6800F2C452 /* final-cut-pro-x.tif in Resources */ = {isa = PBXBuildFile; fileRef = 2472637F1C7B8A6800F2C452 /* final-cut-pro-x.tif */; };
		247263A51C7B8A6800F2C452 /* icloud.tif in Resources */ = {isa = PBXBuildFile; fileRef = 247263801C7B8A6800F2C452 /* icloud.tif */; };
		247263A61C7B8A6800F2C452 /* ilife.tif in Resources */ = {isa = PBXBuildFile; fileRef = 247263811C7B8A6800F2C452 /* ilife.tif */; };
		247263A71C7B8A6800F2C452 /* imac-5k.tif in Resources */ = {isa = PBXBuildFile; fileRef = 247263821C7B8A6800F2C452 /* imac-5k.tif */; };
		247263A81C7B8A6800F2C452 /* ios8.tif in Resources */ = {isa = PBXBuildFile; fileRef = 247263831C7B8A6800F2C452 /* ios8.tif */; };
		247263A91C7B8A6800F2C452 /* ipad-air2.tif in Resources */ = {isa = PBXBuildFile; fileRef = 247263841C7B8A6800F2C452 /* ipad-air2.tif */; };
		247263AA1C7B8A6800F2C452 /* iphone6.tif in Resources */ = {isa = PBXBuildFile; fileRef = 247263851C7B8A6800F2C452 /* iphone6.tif */; };
		247263AB1C7B8A6800F2C452 /* ipod-nano.tif in Resources */ = {isa = PBXBuildFile; fileRef = 247263861C7B8A6800F2C452 /* ipod-nano.tif */; };
		247263AC1C7B8A6800F2C452 /* ipod-shuffle.tif in Resources */ = {isa = PBXBuildFile; fileRef = 247263871C7B8A6800F2C452 /* ipod-shuffle.tif */; };
		247263AD1C7B8A6800F2C452 /* ipod-touch.tif in Resources */ = {isa = PBXBuildFile; fileRef = 247263881C7B8A6800F2C452 /* ipod-touch.tif */; };
		247263AE1C7B8A6800F2C452 /* itunes.tif in Resources */ = {isa = PBXBuildFile; fileRef = 247263891C7B8A6800F2C452 /* itunes.tif */; };
		247263AF1C7B8A6800F2C452 /* iwork.tif in Resources */ = {isa = PBXBuildFile; fileRef = 2472638A1C7B8A6800F2C452 /* iwork.tif */; };
		247263B01C7B8A6800F2C452 /* logic-pro-x.tif in Resources */ = {isa = PBXBuildFile; fileRef = 2472638B1C7B8A6800F2C452 /* logic-pro-x.tif */; };
		247263B11C7B8A6800F2C452 /* mac-mini.tif in Resources */ = {isa = PBXBuildFile; fileRef = 2472638C1C7B8A6800F2C452 /* mac-mini.tif */; };
		247263B21C7B8A6800F2C452 /* mac-pro.tif in Resources */ = {isa = PBXBuildFile; fileRef = 2472638D1C7B8A6800F2C452 /* mac-pro.tif */; };
		247263B31C7B8A6800F2C452 /* macbook-air.tif in Resources */ = {isa = PBXBuildFile; fileRef = 2472638E1C7B8A6800F2C452 /* macbook-air.tif */; };
		247263B41C7B8A6800F2C452 /* macbook-pro-13.tif in Resources */ = {isa = PBXBuildFile; fileRef = 2472638F1C7B8A6800F2C452 /* macbook-pro-13.tif */; };
		247263B51C7B8A6800F2C452 /* macbook-pro-retina.tif in Resources */ = {isa = PBXBuildFile; fileRef = 247263901C7B8A6800F2C452 /* macbook-pro-retina.tif */; };
		247263B61C7B8A6800F2C452 /* macbook.tif in Resources */ = {isa = PBXBuildFile; fileRef = 247263911C7B8A6800F2C452 /* macbook.tif */; };
		247263B71C7B8A6800F2C452 /* magic-mouse.tif in Resources */ = {isa = PBXBuildFile; fileRef = 247263921C7B8A6800F2C452 /* magic-mouse.tif */; };
		247263B81C7B8A6800F2C452 /* magic-trackpad.tif in Resources */ = {isa = PBXBuildFile; fileRef = 247263931C7B8A6800F2C452 /* magic-trackpad.tif */; };
		247263B91C7B8A6800F2C452 /* os-x.tif in Resources */ = {isa = PBXBuildFile; fileRef = 247263941C7B8A6800F2C452 /* os-x.tif */; };
		247263BA1C7B8A6800F2C452 /* star_sel.png in Resources */ = {isa = PBXBuildFile; fileRef = 247263951C7B8A6800F2C452 /* star_sel.png */; };
		247263BB1C7B8A6800F2C452 /* star_uns.png in Resources */ = {isa = PBXBuildFile; fileRef = 247263961C7B8A6800F2C452 /* star_uns.png */; };
/* End PBXBuildFile section */

/* Begin PBXFileReference section */
		2472634C1C7A620400F2C452 /* Molesykn.app */ = {isa = PBXFileReference; explicitFileType = wrapper.application; includeInIndex = 0; path = Molesykn.app; sourceTree = BUILT_PRODUCTS_DIR; };
		2472634F1C7A620400F2C452 /* AppDelegate.swift */ = {isa = PBXFileReference; lastKnownFileType = sourcecode.swift; path = AppDelegate.swift; sourceTree = "<group>"; };
		247263511C7A620400F2C452 /* NotesViewController.swift */ = {isa = PBXFileReference; lastKnownFileType = sourcecode.swift; path = NotesViewController.swift; sourceTree = "<group>"; };
		247263531C7A620400F2C452 /* MapViewController.swift */ = {isa = PBXFileReference; lastKnownFileType = sourcecode.swift; path = MapViewController.swift; sourceTree = "<group>"; };
		247263561C7A620400F2C452 /* Base */ = {isa = PBXFileReference; lastKnownFileType = file.storyboard; name = Base; path = Base.lproj/Main.storyboard; sourceTree = "<group>"; };
		247263581C7A620400F2C452 /* Assets.xcassets */ = {isa = PBXFileReference; lastKnownFileType = folder.assetcatalog; path = Assets.xcassets; sourceTree = "<group>"; };
		2472635B1C7A620400F2C452 /* Base */ = {isa = PBXFileReference; lastKnownFileType = file.storyboard; name = Base; path = Base.lproj/LaunchScreen.storyboard; sourceTree = "<group>"; };
		2472635D1C7A620400F2C452 /* Info.plist */ = {isa = PBXFileReference; lastKnownFileType = text.plist.xml; path = Info.plist; sourceTree = "<group>"; };
		247263661C7A647400F2C452 /* CreateViewController.swift */ = {isa = PBXFileReference; fileEncoding = 4; lastKnownFileType = sourcecode.swift; path = CreateViewController.swift; sourceTree = "<group>"; };
		247263681C7A64F700F2C452 /* MyTableTableViewController.swift */ = {isa = PBXFileReference; fileEncoding = 4; lastKnownFileType = sourcecode.swift; path = MyTableTableViewController.swift; sourceTree = "<group>"; };
		2472636A1C7A66C500F2C452 /* NoteDetailViewController.swift */ = {isa = PBXFileReference; fileEncoding = 4; lastKnownFileType = sourcecode.swift; path = NoteDetailViewController.swift; sourceTree = "<group>"; };
		2472636C1C7A684C00F2C452 /* Note.swift */ = {isa = PBXFileReference; fileEncoding = 4; lastKnownFileType = sourcecode.swift; path = Note.swift; sourceTree = "<group>"; };
		2472636F1C7B87EE00F2C452 /* Notebook.swift */ = {isa = PBXFileReference; fileEncoding = 4; lastKnownFileType = sourcecode.swift; path = Notebook.swift; sourceTree = "<group>"; };
		247263721C7B8A6800F2C452 /* airport-express.tif */ = {isa = PBXFileReference; lastKnownFileType = image.tiff; path = "airport-express.tif"; sourceTree = "<group>"; };
		247263731C7B8A6800F2C452 /* airport-extreme.tif */ = {isa = PBXFileReference; lastKnownFileType = image.tiff; path = "airport-extreme.tif"; sourceTree = "<group>"; };
		247263741C7B8A6800F2C452 /* airport-time-capsule.tif */ = {isa = PBXFileReference; lastKnownFileType = image.tiff; path = "airport-time-capsule.tif"; sourceTree = "<group>"; };
		247263751C7B8A6800F2C452 /* aperture.tif */ = {isa = PBXFileReference; lastKnownFileType = image.tiff; path = aperture.tif; sourceTree = "<group>"; };
		247263761C7B8A6800F2C452 /* apple-pay.tif */ = {isa = PBXFileReference; lastKnownFileType = image.tiff; path = "apple-pay.tif"; sourceTree = "<group>"; };
		247263771C7B8A6800F2C452 /* apple-tv.tif */ = {isa = PBXFileReference; lastKnownFileType = image.tiff; path = "apple-tv.tif"; sourceTree = "<group>"; };
		247263781C7B8A6800F2C452 /* apple-watch.tif */ = {isa = PBXFileReference; lastKnownFileType = image.tiff; path = "apple-watch.tif"; sourceTree = "<group>"; };
		247263791C7B8A6800F2C452 /* apple-wireless-keyboard.tif */ = {isa = PBXFileReference; lastKnownFileType = image.tiff; path = "apple-wireless-keyboard.tif"; sourceTree = "<group>"; };
		2472637A1C7B8A6800F2C452 /* battery-charger.tif */ = {isa = PBXFileReference; lastKnownFileType = image.tiff; path = "battery-charger.tif"; sourceTree = "<group>"; };
		2472637B1C7B8A6800F2C452 /* default@1x.pdf */ = {isa = PBXFileReference; lastKnownFileType = image.pdf; path = "default@1x.pdf"; sourceTree = "<group>"; };
		2472637C1C7B8A6800F2C452 /* default@2x.pdf */ = {isa = PBXFileReference; lastKnownFileType = image.pdf; path = "default@2x.pdf"; sourceTree = "<group>"; };
		2472637D1C7B8A6800F2C452 /* display.tif */ = {isa = PBXFileReference; lastKnownFileType = image.tiff; path = display.tif; sourceTree = "<group>"; };
		2472637E1C7B8A6800F2C452 /* eyeball.png */ = {isa = PBXFileReference; lastKnownFileType = image.png; path = eyeball.png; sourceTree = "<group>"; };
		2472637F1C7B8A6800F2C452 /* final-cut-pro-x.tif */ = {isa = PBXFileReference; lastKnownFileType = image.tiff; path = "final-cut-pro-x.tif"; sourceTree = "<group>"; };
		247263801C7B8A6800F2C452 /* icloud.tif */ = {isa = PBXFileReference; lastKnownFileType = image.tiff; path = icloud.tif; sourceTree = "<group>"; };
		247263811C7B8A6800F2C452 /* ilife.tif */ = {isa = PBXFileReference; lastKnownFileType = image.tiff; path = ilife.tif; sourceTree = "<group>"; };
		247263821C7B8A6800F2C452 /* imac-5k.tif */ = {isa = PBXFileReference; lastKnownFileType = image.tiff; path = "imac-5k.tif"; sourceTree = "<group>"; };
		247263831C7B8A6800F2C452 /* ios8.tif */ = {isa = PBXFileReference; lastKnownFileType = image.tiff; path = ios8.tif; sourceTree = "<group>"; };
		247263841C7B8A6800F2C452 /* ipad-air2.tif */ = {isa = PBXFileReference; lastKnownFileType = image.tiff; path = "ipad-air2.tif"; sourceTree = "<group>"; };
		247263851C7B8A6800F2C452 /* iphone6.tif */ = {isa = PBXFileReference; lastKnownFileType = image.tiff; path = iphone6.tif; sourceTree = "<group>"; };
		247263861C7B8A6800F2C452 /* ipod-nano.tif */ = {isa = PBXFileReference; lastKnownFileType = image.tiff; path = "ipod-nano.tif"; sourceTree = "<group>"; };
		247263871C7B8A6800F2C452 /* ipod-shuffle.tif */ = {isa = PBXFileReference; lastKnownFileType = image.tiff; path = "ipod-shuffle.tif"; sourceTree = "<group>"; };
		247263881C7B8A6800F2C452 /* ipod-touch.tif */ = {isa = PBXFileReference; lastKnownFileType = image.tiff; path = "ipod-touch.tif"; sourceTree = "<group>"; };
		247263891C7B8A6800F2C452 /* itunes.tif */ = {isa = PBXFileReference; lastKnownFileType = image.tiff; path = itunes.tif; sourceTree = "<group>"; };
		2472638A1C7B8A6800F2C452 /* iwork.tif */ = {isa = PBXFileReference; lastKnownFileType = image.tiff; path = iwork.tif; sourceTree = "<group>"; };
		2472638B1C7B8A6800F2C452 /* logic-pro-x.tif */ = {isa = PBXFileReference; lastKnownFileType = image.tiff; path = "logic-pro-x.tif"; sourceTree = "<group>"; };
		2472638C1C7B8A6800F2C452 /* mac-mini.tif */ = {isa = PBXFileReference; lastKnownFileType = image.tiff; path = "mac-mini.tif"; sourceTree = "<group>"; };
		2472638D1C7B8A6800F2C452 /* mac-pro.tif */ = {isa = PBXFileReference; lastKnownFileType = image.tiff; path = "mac-pro.tif"; sourceTree = "<group>"; };
		2472638E1C7B8A6800F2C452 /* macbook-air.tif */ = {isa = PBXFileReference; lastKnownFileType = image.tiff; path = "macbook-air.tif"; sourceTree = "<group>"; };
		2472638F1C7B8A6800F2C452 /* macbook-pro-13.tif */ = {isa = PBXFileReference; lastKnownFileType = image.tiff; path = "macbook-pro-13.tif"; sourceTree = "<group>"; };
		247263901C7B8A6800F2C452 /* macbook-pro-retina.tif */ = {isa = PBXFileReference; lastKnownFileType = image.tiff; path = "macbook-pro-retina.tif"; sourceTree = "<group>"; };
		247263911C7B8A6800F2C452 /* macbook.tif */ = {isa = PBXFileReference; lastKnownFileType = image.tiff; path = macbook.tif; sourceTree = "<group>"; };
		247263921C7B8A6800F2C452 /* magic-mouse.tif */ = {isa = PBXFileReference; lastKnownFileType = image.tiff; path = "magic-mouse.tif"; sourceTree = "<group>"; };
		247263931C7B8A6800F2C452 /* magic-trackpad.tif */ = {isa = PBXFileReference; lastKnownFileType = image.tiff; path = "magic-trackpad.tif"; sourceTree = "<group>"; };
		247263941C7B8A6800F2C452 /* os-x.tif */ = {isa = PBXFileReference; lastKnownFileType = image.tiff; path = "os-x.tif"; sourceTree = "<group>"; };
		247263951C7B8A6800F2C452 /* star_sel.png */ = {isa = PBXFileReference; lastKnownFileType = image.png; path = star_sel.png; sourceTree = "<group>"; };
		247263961C7B8A6800F2C452 /* star_uns.png */ = {isa = PBXFileReference; lastKnownFileType = image.png; path = star_uns.png; sourceTree = "<group>"; };
/* End PBXFileReference section */

/* Begin PBXFrameworksBuildPhase section */
		247263491C7A620400F2C452 /* Frameworks */ = {
			isa = PBXFrameworksBuildPhase;
			buildActionMask = 2147483647;
			files = (
			);
			runOnlyForDeploymentPostprocessing = 0;
		};
/* End PBXFrameworksBuildPhase section */

/* Begin PBXGroup section */
		247263431C7A620400F2C452 = {
			isa = PBXGroup;
			children = (
				2472634E1C7A620400F2C452 /* Molesykn */,
				2472634D1C7A620400F2C452 /* Products */,
			);
			sourceTree = "<group>";
		};
		2472634D1C7A620400F2C452 /* Products */ = {
			isa = PBXGroup;
			children = (
				2472634C1C7A620400F2C452 /* Molesykn.app */,
			);
			name = Products;
			sourceTree = "<group>";
		};
		2472634E1C7A620400F2C452 /* Molesykn */ = {
			isa = PBXGroup;
			children = (
				2472636E1C7B86A800F2C452 /* Model */,
				247263631C7A621400F2C452 /* Supporting Files */,
				247263BC1C7BA1DD00F2C452 /* Controllers */,
				247263551C7A620400F2C452 /* Main.storyboard */,
			);
			path = Molesykn;
			sourceTree = "<group>";
		};
		247263631C7A621400F2C452 /* Supporting Files */ = {
			isa = PBXGroup;
			children = (
				247263711C7B8A6800F2C452 /* DemoAssets */,
				2472634F1C7A620400F2C452 /* AppDelegate.swift */,
				247263581C7A620400F2C452 /* Assets.xcassets */,
				2472635A1C7A620400F2C452 /* LaunchScreen.storyboard */,
				2472635D1C7A620400F2C452 /* Info.plist */,
			);
			name = "Supporting Files";
			sourceTree = "<group>";
		};
		2472636E1C7B86A800F2C452 /* Model */ = {
			isa = PBXGroup;
			children = (
				2472636C1C7A684C00F2C452 /* Note.swift */,
				2472636F1C7B87EE00F2C452 /* Notebook.swift */,
			);
			name = Model;
			sourceTree = "<group>";
		};
		247263711C7B8A6800F2C452 /* DemoAssets */ = {
			isa = PBXGroup;
			children = (
				247263721C7B8A6800F2C452 /* airport-express.tif */,
				247263731C7B8A6800F2C452 /* airport-extreme.tif */,
				247263741C7B8A6800F2C452 /* airport-time-capsule.tif */,
				247263751C7B8A6800F2C452 /* aperture.tif */,
				247263761C7B8A6800F2C452 /* apple-pay.tif */,
				247263771C7B8A6800F2C452 /* apple-tv.tif */,
				247263781C7B8A6800F2C452 /* apple-watch.tif */,
				247263791C7B8A6800F2C452 /* apple-wireless-keyboard.tif */,
				2472637A1C7B8A6800F2C452 /* battery-charger.tif */,
				2472637B1C7B8A6800F2C452 /* default@1x.pdf */,
				2472637C1C7B8A6800F2C452 /* default@2x.pdf */,
				2472637D1C7B8A6800F2C452 /* display.tif */,
				2472637E1C7B8A6800F2C452 /* eyeball.png */,
				2472637F1C7B8A6800F2C452 /* final-cut-pro-x.tif */,
				247263801C7B8A6800F2C452 /* icloud.tif */,
				247263811C7B8A6800F2C452 /* ilife.tif */,
				247263821C7B8A6800F2C452 /* imac-5k.tif */,
				247263831C7B8A6800F2C452 /* ios8.tif */,
				247263841C7B8A6800F2C452 /* ipad-air2.tif */,
				247263851C7B8A6800F2C452 /* iphone6.tif */,
				247263861C7B8A6800F2C452 /* ipod-nano.tif */,
				247263871C7B8A6800F2C452 /* ipod-shuffle.tif */,
				247263881C7B8A6800F2C452 /* ipod-touch.tif */,
				247263891C7B8A6800F2C452 /* itunes.tif */,
				2472638A1C7B8A6800F2C452 /* iwork.tif */,
				2472638B1C7B8A6800F2C452 /* logic-pro-x.tif */,
				2472638C1C7B8A6800F2C452 /* mac-mini.tif */,
				2472638D1C7B8A6800F2C452 /* mac-pro.tif */,
				2472638E1C7B8A6800F2C452 /* macbook-air.tif */,
				2472638F1C7B8A6800F2C452 /* macbook-pro-13.tif */,
				247263901C7B8A6800F2C452 /* macbook-pro-retina.tif */,
				247263911C7B8A6800F2C452 /* macbook.tif */,
				247263921C7B8A6800F2C452 /* magic-mouse.tif */,
				247263931C7B8A6800F2C452 /* magic-trackpad.tif */,
				247263941C7B8A6800F2C452 /* os-x.tif */,
				247263951C7B8A6800F2C452 /* star_sel.png */,
				247263961C7B8A6800F2C452 /* star_uns.png */,
			);
			path = DemoAssets;
			sourceTree = "<group>";
		};
		247263BC1C7BA1DD00F2C452 /* Controllers */ = {
			isa = PBXGroup;
			children = (
				247263511C7A620400F2C452 /* NotesViewController.swift */,
				247263681C7A64F700F2C452 /* MyTableTableViewController.swift */,
				247263531C7A620400F2C452 /* MapViewController.swift */,
				247263661C7A647400F2C452 /* CreateViewController.swift */,
				2472636A1C7A66C500F2C452 /* NoteDetailViewController.swift */,
			);
			name = Controllers;
			sourceTree = "<group>";
		};
/* End PBXGroup section */

/* Begin PBXNativeTarget section */
		2472634B1C7A620400F2C452 /* Molesykn */ = {
			isa = PBXNativeTarget;
			buildConfigurationList = 247263601C7A620400F2C452 /* Build configuration list for PBXNativeTarget "Molesykn" */;
			buildPhases = (
				247263481C7A620400F2C452 /* Sources */,
				247263491C7A620400F2C452 /* Frameworks */,
				2472634A1C7A620400F2C452 /* Resources */,
			);
			buildRules = (
			);
			dependencies = (
			);
			name = Molesykn;
			productName = Molesykn;
			productReference = 2472634C1C7A620400F2C452 /* Molesykn.app */;
			productType = "com.apple.product-type.application";
		};
/* End PBXNativeTarget section */

/* Begin PBXProject section */
		247263441C7A620400F2C452 /* Project object */ = {
			isa = PBXProject;
			attributes = {
				LastSwiftUpdateCheck = 0720;
				LastUpgradeCheck = 0720;
				ORGANIZATIONNAME = jg;
				TargetAttributes = {
					2472634B1C7A620400F2C452 = {
						CreatedOnToolsVersion = 7.2.1;
						DevelopmentTeam = N4S7B5L634;
					};
				};
			};
			buildConfigurationList = 247263471C7A620400F2C452 /* Build configuration list for PBXProject "Molesykn" */;
			compatibilityVersion = "Xcode 3.2";
			developmentRegion = English;
			hasScannedForEncodings = 0;
			knownRegions = (
				en,
				Base,
			);
			mainGroup = 247263431C7A620400F2C452;
			productRefGroup = 2472634D1C7A620400F2C452 /* Products */;
			projectDirPath = "";
			projectRoot = "";
			targets = (
				2472634B1C7A620400F2C452 /* Molesykn */,
			);
		};
/* End PBXProject section */

/* Begin PBXResourcesBuildPhase section */
		2472634A1C7A620400F2C452 /* Resources */ = {
			isa = PBXResourcesBuildPhase;
			buildActionMask = 2147483647;
			files = (
				247263A81C7B8A6800F2C452 /* ios8.tif in Resources */,
				247263AD1C7B8A6800F2C452 /* ipod-touch.tif in Resources */,
				247263A91C7B8A6800F2C452 /* ipad-air2.tif in Resources */,
				247263B81C7B8A6800F2C452 /* magic-trackpad.tif in Resources */,
				247263AE1C7B8A6800F2C452 /* itunes.tif in Resources */,
				247263A01C7B8A6800F2C452 /* default@1x.pdf in Resources */,
				247263B91C7B8A6800F2C452 /* os-x.tif in Resources */,
				247263B31C7B8A6800F2C452 /* macbook-air.tif in Resources */,
				247263991C7B8A6800F2C452 /* airport-time-capsule.tif in Resources */,
				247263981C7B8A6800F2C452 /* airport-extreme.tif in Resources */,
				247263AC1C7B8A6800F2C452 /* ipod-shuffle.tif in Resources */,
				247263A11C7B8A6800F2C452 /* default@2x.pdf in Resources */,
				2472639D1C7B8A6800F2C452 /* apple-watch.tif in Resources */,
				247263AF1C7B8A6800F2C452 /* iwork.tif in Resources */,
				247263B61C7B8A6800F2C452 /* macbook.tif in Resources */,
				247263971C7B8A6800F2C452 /* airport-express.tif in Resources */,
				247263A41C7B8A6800F2C452 /* final-cut-pro-x.tif in Resources */,
				247263A71C7B8A6800F2C452 /* imac-5k.tif in Resources */,
				2472639A1C7B8A6800F2C452 /* aperture.tif in Resources */,
				2472639E1C7B8A6800F2C452 /* apple-wireless-keyboard.tif in Resources */,
				247263B11C7B8A6800F2C452 /* mac-mini.tif in Resources */,
				2472635C1C7A620400F2C452 /* LaunchScreen.storyboard in Resources */,
				247263B21C7B8A6800F2C452 /* mac-pro.tif in Resources */,
				247263B41C7B8A6800F2C452 /* macbook-pro-13.tif in Resources */,
				247263591C7A620400F2C452 /* Assets.xcassets in Resources */,
				2472639F1C7B8A6800F2C452 /* battery-charger.tif in Resources */,
				247263571C7A620400F2C452 /* Main.storyboard in Resources */,
				247263A61C7B8A6800F2C452 /* ilife.tif in Resources */,
				247263AA1C7B8A6800F2C452 /* iphone6.tif in Resources */,
				247263A31C7B8A6800F2C452 /* eyeball.png in Resources */,
				247263B01C7B8A6800F2C452 /* logic-pro-x.tif in Resources */,
				247263AB1C7B8A6800F2C452 /* ipod-nano.tif in Resources */,
				2472639C1C7B8A6800F2C452 /* apple-tv.tif in Resources */,
				247263B71C7B8A6800F2C452 /* magic-mouse.tif in Resources */,
				247263A51C7B8A6800F2C452 /* icloud.tif in Resources */,
				247263B51C7B8A6800F2C452 /* macbook-pro-retina.tif in Resources */,
				2472639B1C7B8A6800F2C452 /* apple-pay.tif in Resources */,
				247263A21C7B8A6800F2C452 /* display.tif in Resources */,
				247263BB1C7B8A6800F2C452 /* star_uns.png in Resources */,
				247263BA1C7B8A6800F2C452 /* star_sel.png in Resources */,
			);
			runOnlyForDeploymentPostprocessing = 0;
		};
/* End PBXResourcesBuildPhase section */

/* Begin PBXSourcesBuildPhase section */
		247263481C7A620400F2C452 /* Sources */ = {
			isa = PBXSourcesBuildPhase;
			buildActionMask = 2147483647;
			files = (
				247263671C7A647400F2C452 /* CreateViewController.swift in Sources */,
				247263541C7A620400F2C452 /* MapViewController.swift in Sources */,
				247263701C7B87EE00F2C452 /* Notebook.swift in Sources */,
				2472636D1C7A684C00F2C452 /* Note.swift in Sources */,
				247263501C7A620400F2C452 /* AppDelegate.swift in Sources */,
				247263691C7A64F700F2C452 /* MyTableTableViewController.swift in Sources */,
				247263521C7A620400F2C452 /* NotesViewController.swift in Sources */,
				2472636B1C7A66C500F2C452 /* NoteDetailViewController.swift in Sources */,
			);
			runOnlyForDeploymentPostprocessing = 0;
		};
/* End PBXSourcesBuildPhase section */

/* Begin PBXVariantGroup section */
		247263551C7A620400F2C452 /* Main.storyboard */ = {
			isa = PBXVariantGroup;
			children = (
				247263561C7A620400F2C452 /* Base */,
			);
			name = Main.storyboard;
			sourceTree = "<group>";
		};
		2472635A1C7A620400F2C452 /* LaunchScreen.storyboard */ = {
			isa = PBXVariantGroup;
			children = (
				2472635B1C7A620400F2C452 /* Base */,
			);
			name = LaunchScreen.storyboard;
			sourceTree = "<group>";
		};
/* End PBXVariantGroup section */

/* Begin XCBuildConfiguration section */
		2472635E1C7A620400F2C452 /* Debug */ = {
			isa = XCBuildConfiguration;
			buildSettings = {
				ALWAYS_SEARCH_USER_PATHS = NO;
				CLANG_CXX_LANGUAGE_STANDARD = "gnu++0x";
				CLANG_CXX_LIBRARY = "libc++";
				CLANG_ENABLE_MODULES = YES;
				CLANG_ENABLE_OBJC_ARC = YES;
				CLANG_WARN_BOOL_CONVERSION = YES;
				CLANG_WARN_CONSTANT_CONVERSION = YES;
				CLANG_WARN_DIRECT_OBJC_ISA_USAGE = YES_ERROR;
				CLANG_WARN_EMPTY_BODY = YES;
				CLANG_WARN_ENUM_CONVERSION = YES;
				CLANG_WARN_INT_CONVERSION = YES;
				CLANG_WARN_OBJC_ROOT_CLASS = YES_ERROR;
				CLANG_WARN_UNREACHABLE_CODE = YES;
				CLANG_WARN__DUPLICATE_METHOD_MATCH = YES;
				"CODE_SIGN_IDENTITY[sdk=iphoneos*]" = "iPhone Developer";
				COPY_PHASE_STRIP = NO;
				DEBUG_INFORMATION_FORMAT = dwarf;
				ENABLE_STRICT_OBJC_MSGSEND = YES;
				ENABLE_TESTABILITY = YES;
				GCC_C_LANGUAGE_STANDARD = gnu99;
				GCC_DYNAMIC_NO_PIC = NO;
				GCC_NO_COMMON_BLOCKS = YES;
				GCC_OPTIMIZATION_LEVEL = 0;
				GCC_PREPROCESSOR_DEFINITIONS = (
					"DEBUG=1",
					"$(inherited)",
				);
				GCC_WARN_64_TO_32_BIT_CONVERSION = YES;
				GCC_WARN_ABOUT_RETURN_TYPE = YES_ERROR;
				GCC_WARN_UNDECLARED_SELECTOR = YES;
				GCC_WARN_UNINITIALIZED_AUTOS = YES_AGGRESSIVE;
				GCC_WARN_UNUSED_FUNCTION = YES;
				GCC_WARN_UNUSED_VARIABLE = YES;
				IPHONEOS_DEPLOYMENT_TARGET = 9.2;
				MTL_ENABLE_DEBUG_INFO = YES;
				ONLY_ACTIVE_ARCH = YES;
				SDKROOT = iphoneos;
				SWIFT_OPTIMIZATION_LEVEL = "-Onone";
			};
			name = Debug;
		};
		2472635F1C7A620400F2C452 /* Release */ = {
			isa = XCBuildConfiguration;
			buildSettings = {
				ALWAYS_SEARCH_USER_PATHS = NO;
				CLANG_CXX_LANGUAGE_STANDARD = "gnu++0x";
				CLANG_CXX_LIBRARY = "libc++";
				CLANG_ENABLE_MODULES = YES;
				CLANG_ENABLE_OBJC_ARC = YES;
				CLANG_WARN_BOOL_CONVERSION = YES;
				CLANG_WARN_CONSTANT_CONVERSION = YES;
				CLANG_WARN_DIRECT_OBJC_ISA_USAGE = YES_ERROR;
				CLANG_WARN_EMPTY_BODY = YES;
				CLANG_WARN_ENUM_CONVERSION = YES;
				CLANG_WARN_INT_CONVERSION = YES;
				CLANG_WARN_OBJC_ROOT_CLASS = YES_ERROR;
				CLANG_WARN_UNREACHABLE_CODE = YES;
				CLANG_WARN__DUPLICATE_METHOD_MATCH = YES;
				"CODE_SIGN_IDENTITY[sdk=iphoneos*]" = "iPhone Developer";
				COPY_PHASE_STRIP = NO;
				DEBUG_INFORMATION_FORMAT = "dwarf-with-dsym";
				ENABLE_NS_ASSERTIONS = NO;
				ENABLE_STRICT_OBJC_MSGSEND = YES;
				GCC_C_LANGUAGE_STANDARD = gnu99;
				GCC_NO_COMMON_BLOCKS = YES;
				GCC_WARN_64_TO_32_BIT_CONVERSION = YES;
				GCC_WARN_ABOUT_RETURN_TYPE = YES_ERROR;
				GCC_WARN_UNDECLARED_SELECTOR = YES;
				GCC_WARN_UNINITIALIZED_AUTOS = YES_AGGRESSIVE;
				GCC_WARN_UNUSED_FUNCTION = YES;
				GCC_WARN_UNUSED_VARIABLE = YES;
				IPHONEOS_DEPLOYMENT_TARGET = 9.2;
				MTL_ENABLE_DEBUG_INFO = NO;
				SDKROOT = iphoneos;
				VALIDATE_PRODUCT = YES;
			};
			name = Release;
		};
		247263611C7A620400F2C452 /* Debug */ = {
			isa = XCBuildConfiguration;
			buildSettings = {
				ASSETCATALOG_COMPILER_APPICON_NAME = AppIcon;
				INFOPLIST_FILE = Molesykn/Info.plist;
				LD_RUNPATH_SEARCH_PATHS = "$(inherited) @executable_path/Frameworks";
				PRODUCT_BUNDLE_IDENTIFIER = pl.edu.uj.Molesykn;
				PRODUCT_NAME = "$(TARGET_NAME)";
			};
			name = Debug;
		};
		247263621C7A620400F2C452 /* Release */ = {
			isa = XCBuildConfiguration;
			buildSettings = {
				ASSETCATALOG_COMPILER_APPICON_NAME = AppIcon;
				INFOPLIST_FILE = Molesykn/Info.plist;
				LD_RUNPATH_SEARCH_PATHS = "$(inherited) @executable_path/Frameworks";
				PRODUCT_BUNDLE_IDENTIFIER = pl.edu.uj.Molesykn;
				PRODUCT_NAME = "$(TARGET_NAME)";
			};
			name = Release;
		};
/* End XCBuildConfiguration section */

/* Begin XCConfigurationList section */
		247263471C7A620400F2C452 /* Build configuration list for PBXProject "Molesykn" */ = {
			isa = XCConfigurationList;
			buildConfigurations = (
				2472635E1C7A620400F2C452 /* Debug */,
				2472635F1C7A620400F2C452 /* Release */,
			);
			defaultConfigurationIsVisible = 0;
			defaultConfigurationName = Release;
		};
		247263601C7A620400F2C452 /* Build configuration list for PBXNativeTarget "Molesykn" */ = {
			isa = XCConfigurationList;
			buildConfigurations = (
				247263611C7A620400F2C452 /* Debug */,
				247263621C7A620400F2C452 /* Release */,
			);
			defaultConfigurationIsVisible = 0;
		};
/* End XCConfigurationList section */
	};
	rootObject = 247263441C7A620400F2C452 /* Project object */;
}
